// !$*UTF8*$!
{
	archiveVersion = 1;
	classes = {
	};
	objectVersion = 51;
	objects = {

/* Begin PBXBuildFile section */
		3EB8C0D509DBB6D1B0494B92 /* Pods_ChemistHelper.framework in Frameworks */ = {isa = PBXBuildFile; fileRef = 84769D28CC6B4DEE0C79F904 /* Pods_ChemistHelper.framework */; };
		A606BF922241AC8200CC072B /* CustomProductCell.swift in Sources */ = {isa = PBXBuildFile; fileRef = A606BF902241AC8200CC072B /* CustomProductCell.swift */; };
		A606BF932241AC8200CC072B /* CustomProductCell.xib in Resources */ = {isa = PBXBuildFile; fileRef = A606BF912241AC8200CC072B /* CustomProductCell.xib */; };
		A63AB374223B7836001C69B3 /* DataBase.swift in Sources */ = {isa = PBXBuildFile; fileRef = A63AB373223B7836001C69B3 /* DataBase.swift */; };
		A66B87E2222F84CE0004263B /* AppDelegate.swift in Sources */ = {isa = PBXBuildFile; fileRef = A66B87E1222F84CE0004263B /* AppDelegate.swift */; };
		A66B87E4222F84CE0004263B /* WelcomViewController.swift in Sources */ = {isa = PBXBuildFile; fileRef = A66B87E3222F84CE0004263B /* WelcomViewController.swift */; };
		A66B87E7222F84CE0004263B /* Main.storyboard in Resources */ = {isa = PBXBuildFile; fileRef = A66B87E5222F84CE0004263B /* Main.storyboard */; };
		A66B87E9222F84D00004263B /* Assets.xcassets in Resources */ = {isa = PBXBuildFile; fileRef = A66B87E8222F84D00004263B /* Assets.xcassets */; };
		A66B87EC222F84D00004263B /* LaunchScreen.storyboard in Resources */ = {isa = PBXBuildFile; fileRef = A66B87EA222F84D00004263B /* LaunchScreen.storyboard */; };
		A66B87F5222F85500004263B /* GoogleService-Info.plist in Resources */ = {isa = PBXBuildFile; fileRef = A66B87F4222F85500004263B /* GoogleService-Info.plist */; };
		A66B87FD2236296D0004263B /* Product.swift in Sources */ = {isa = PBXBuildFile; fileRef = A66B87FC2236296D0004263B /* Product.swift */; };
		A68F980422371F5C00E145B5 /* LogInViewController.swift in Sources */ = {isa = PBXBuildFile; fileRef = A68F980322371F5C00E145B5 /* LogInViewController.swift */; };
		A68F98062237211500E145B5 /* SignOnViewController.swift in Sources */ = {isa = PBXBuildFile; fileRef = A68F98052237211500E145B5 /* SignOnViewController.swift */; };
		A68F98082237367500E145B5 /* DashBoardViewController.swift in Sources */ = {isa = PBXBuildFile; fileRef = A68F98072237367500E145B5 /* DashBoardViewController.swift */; };
		A6EA2659223A474000DD262B /* ProductEnqueryViewController.swift in Sources */ = {isa = PBXBuildFile; fileRef = A6EA2658223A474000DD262B /* ProductEnqueryViewController.swift */; };
		A6EA265B223A476900DD262B /* ShoppingListViewController.swift in Sources */ = {isa = PBXBuildFile; fileRef = A6EA265A223A476900DD262B /* ShoppingListViewController.swift */; };
/* End PBXBuildFile section */

/* Begin PBXFileReference section */
		71F2252C473903E1B04284F8 /* Pods-ChemistHelper.debug.xcconfig */ = {isa = PBXFileReference; includeInIndex = 1; lastKnownFileType = text.xcconfig; name = "Pods-ChemistHelper.debug.xcconfig"; path = "Target Support Files/Pods-ChemistHelper/Pods-ChemistHelper.debug.xcconfig"; sourceTree = "<group>"; };
		84769D28CC6B4DEE0C79F904 /* Pods_ChemistHelper.framework */ = {isa = PBXFileReference; explicitFileType = wrapper.framework; includeInIndex = 0; path = Pods_ChemistHelper.framework; sourceTree = BUILT_PRODUCTS_DIR; };
		A606BF902241AC8200CC072B /* CustomProductCell.swift */ = {isa = PBXFileReference; lastKnownFileType = sourcecode.swift; path = CustomProductCell.swift; sourceTree = "<group>"; };
		A606BF912241AC8200CC072B /* CustomProductCell.xib */ = {isa = PBXFileReference; lastKnownFileType = file.xib; path = CustomProductCell.xib; sourceTree = "<group>"; };
		A63AB373223B7836001C69B3 /* DataBase.swift */ = {isa = PBXFileReference; lastKnownFileType = sourcecode.swift; path = DataBase.swift; sourceTree = "<group>"; };
		A66B87DE222F84CE0004263B /* ChemistHelper.app */ = {isa = PBXFileReference; explicitFileType = wrapper.application; includeInIndex = 0; path = ChemistHelper.app; sourceTree = BUILT_PRODUCTS_DIR; };
		A66B87E1222F84CE0004263B /* AppDelegate.swift */ = {isa = PBXFileReference; lastKnownFileType = sourcecode.swift; path = AppDelegate.swift; sourceTree = "<group>"; };
		A66B87E3222F84CE0004263B /* WelcomViewController.swift */ = {isa = PBXFileReference; lastKnownFileType = sourcecode.swift; path = WelcomViewController.swift; sourceTree = "<group>"; };
		A66B87E6222F84CE0004263B /* Base */ = {isa = PBXFileReference; lastKnownFileType = file.storyboard; name = Base; path = Base.lproj/Main.storyboard; sourceTree = "<group>"; };
		A66B87E8222F84D00004263B /* Assets.xcassets */ = {isa = PBXFileReference; lastKnownFileType = folder.assetcatalog; path = Assets.xcassets; sourceTree = "<group>"; };
		A66B87EB222F84D00004263B /* Base */ = {isa = PBXFileReference; lastKnownFileType = file.storyboard; name = Base; path = Base.lproj/LaunchScreen.storyboard; sourceTree = "<group>"; };
		A66B87ED222F84D00004263B /* Info.plist */ = {isa = PBXFileReference; lastKnownFileType = text.plist.xml; path = Info.plist; sourceTree = "<group>"; };
		A66B87F4222F85500004263B /* GoogleService-Info.plist */ = {isa = PBXFileReference; fileEncoding = 4; lastKnownFileType = text.plist.xml; path = "GoogleService-Info.plist"; sourceTree = "<group>"; };
		A66B87FC2236296D0004263B /* Product.swift */ = {isa = PBXFileReference; lastKnownFileType = sourcecode.swift; path = Product.swift; sourceTree = "<group>"; };
		A68F980322371F5C00E145B5 /* LogInViewController.swift */ = {isa = PBXFileReference; lastKnownFileType = sourcecode.swift; path = LogInViewController.swift; sourceTree = "<group>"; };
		A68F98052237211500E145B5 /* SignOnViewController.swift */ = {isa = PBXFileReference; lastKnownFileType = sourcecode.swift; path = SignOnViewController.swift; sourceTree = "<group>"; };
		A68F98072237367500E145B5 /* DashBoardViewController.swift */ = {isa = PBXFileReference; lastKnownFileType = sourcecode.swift; path = DashBoardViewController.swift; sourceTree = "<group>"; };
		A6EA2658223A474000DD262B /* ProductEnqueryViewController.swift */ = {isa = PBXFileReference; lastKnownFileType = sourcecode.swift; path = ProductEnqueryViewController.swift; sourceTree = "<group>"; };
		A6EA265A223A476900DD262B /* ShoppingListViewController.swift */ = {isa = PBXFileReference; lastKnownFileType = sourcecode.swift; path = ShoppingListViewController.swift; sourceTree = "<group>"; };
		D8EA21F98817992A97B81630 /* Pods-ChemistHelper.release.xcconfig */ = {isa = PBXFileReference; includeInIndex = 1; lastKnownFileType = text.xcconfig; name = "Pods-ChemistHelper.release.xcconfig"; path = "Target Support Files/Pods-ChemistHelper/Pods-ChemistHelper.release.xcconfig"; sourceTree = "<group>"; };
/* End PBXFileReference section */

/* Begin PBXFrameworksBuildPhase section */
		A66B87DB222F84CE0004263B /* Frameworks */ = {
			isa = PBXFrameworksBuildPhase;
			buildActionMask = 2147483647;
			files = (
				3EB8C0D509DBB6D1B0494B92 /* Pods_ChemistHelper.framework in Frameworks */,
			);
			runOnlyForDeploymentPostprocessing = 0;
		};
/* End PBXFrameworksBuildPhase section */

/* Begin PBXGroup section */
		21EA5B05A8A3097F088EDB9F /* Frameworks */ = {
			isa = PBXGroup;
			children = (
				84769D28CC6B4DEE0C79F904 /* Pods_ChemistHelper.framework */,
			);
			name = Frameworks;
			sourceTree = "<group>";
		};
		97B7A75B852B3F24174C6BF5 /* Pods */ = {
			isa = PBXGroup;
			children = (
				71F2252C473903E1B04284F8 /* Pods-ChemistHelper.debug.xcconfig */,
				D8EA21F98817992A97B81630 /* Pods-ChemistHelper.release.xcconfig */,
			);
			path = Pods;
			sourceTree = "<group>";
		};
		A606BF872240A57800CC072B /* CustomCells */ = {
			isa = PBXGroup;
			children = (
				A606BF902241AC8200CC072B /* CustomProductCell.swift */,
				A606BF912241AC8200CC072B /* CustomProductCell.xib */,
			);
			path = CustomCells;
			sourceTree = "<group>";
		};
		A66B87D5222F84CE0004263B = {
			isa = PBXGroup;
			children = (
				A66B87E0222F84CE0004263B /* ChemistHelper */,
				A66B87DF222F84CE0004263B /* Products */,
				97B7A75B852B3F24174C6BF5 /* Pods */,
				21EA5B05A8A3097F088EDB9F /* Frameworks */,
			);
			sourceTree = "<group>";
		};
		A66B87DF222F84CE0004263B /* Products */ = {
			isa = PBXGroup;
			children = (
				A66B87DE222F84CE0004263B /* ChemistHelper.app */,
			);
			name = Products;
			sourceTree = "<group>";
		};
		A66B87E0222F84CE0004263B /* ChemistHelper */ = {
			isa = PBXGroup;
			children = (
				A66B87F9222F86DB0004263B /* Controller */,
				A66B87F7222F86C40004263B /* View */,
				A66B87F6222F86B80004263B /* Model */,
				A66B87F3222F85040004263B /* Support FIles */,
			);
			path = ChemistHelper;
			sourceTree = "<group>";
		};
		A66B87F3222F85040004263B /* Support FIles */ = {
			isa = PBXGroup;
			children = (
				A66B87F4222F85500004263B /* GoogleService-Info.plist */,
				A66B87ED222F84D00004263B /* Info.plist */,
				A66B87E8222F84D00004263B /* Assets.xcassets */,
			);
			name = "Support FIles";
			sourceTree = "<group>";
		};
		A66B87F6222F86B80004263B /* Model */ = {
			isa = PBXGroup;
			children = (
				A66B87FC2236296D0004263B /* Product.swift */,
				A63AB373223B7836001C69B3 /* DataBase.swift */,
			);
			path = Model;
			sourceTree = "<group>";
		};
		A66B87F7222F86C40004263B /* View */ = {
			isa = PBXGroup;
			children = (
				A606BF872240A57800CC072B /* CustomCells */,
				A66B87E5222F84CE0004263B /* Main.storyboard */,
				A66B87EA222F84D00004263B /* LaunchScreen.storyboard */,
			);
			name = View;
			sourceTree = "<group>";
		};
		A66B87F9222F86DB0004263B /* Controller */ = {
			isa = PBXGroup;
			children = (
				A66B87E3222F84CE0004263B /* WelcomViewController.swift */,
				A66B87E1222F84CE0004263B /* AppDelegate.swift */,
				A68F980322371F5C00E145B5 /* LogInViewController.swift */,
				A68F98052237211500E145B5 /* SignOnViewController.swift */,
				A68F98072237367500E145B5 /* DashBoardViewController.swift */,
				A6EA2658223A474000DD262B /* ProductEnqueryViewController.swift */,
				A6EA265A223A476900DD262B /* ShoppingListViewController.swift */,
			);
			path = Controller;
			sourceTree = "<group>";
		};
/* End PBXGroup section */

/* Begin PBXNativeTarget section */
		A66B87DD222F84CE0004263B /* ChemistHelper */ = {
			isa = PBXNativeTarget;
			buildConfigurationList = A66B87F0222F84D00004263B /* Build configuration list for PBXNativeTarget "ChemistHelper" */;
			buildPhases = (
				855EEEAB0106B9532573E214 /* [CP] Check Pods Manifest.lock */,
				A66B87DA222F84CE0004263B /* Sources */,
				A66B87DB222F84CE0004263B /* Frameworks */,
				A66B87DC222F84CE0004263B /* Resources */,
				0F976ED9E45A5CA2FA232579 /* [CP] Embed Pods Frameworks */,
			);
			buildRules = (
			);
			dependencies = (
			);
			name = ChemistHelper;
			productName = ChemistHelper;
			productReference = A66B87DE222F84CE0004263B /* ChemistHelper.app */;
			productType = "com.apple.product-type.application";
		};
/* End PBXNativeTarget section */

/* Begin PBXProject section */
		A66B87D6222F84CE0004263B /* Project object */ = {
			isa = PBXProject;
			attributes = {
				LastSwiftUpdateCheck = 1010;
				LastUpgradeCheck = 1010;
				ORGANIZATIONNAME = "Mathhew MA";
				TargetAttributes = {
					A66B87DD222F84CE0004263B = {
						CreatedOnToolsVersion = 10.1;
						LastSwiftMigration = 1020;
					};
				};
			};
			buildConfigurationList = A66B87D9222F84CE0004263B /* Build configuration list for PBXProject "ChemistHelper" */;
			compatibilityVersion = "Xcode 9.3";
			developmentRegion = en;
			hasScannedForEncodings = 0;
			knownRegions = (
				en,
				Base,
			);
			mainGroup = A66B87D5222F84CE0004263B;
			productRefGroup = A66B87DF222F84CE0004263B /* Products */;
			projectDirPath = "";
			projectRoot = "";
			targets = (
				A66B87DD222F84CE0004263B /* ChemistHelper */,
			);
		};
/* End PBXProject section */

/* Begin PBXResourcesBuildPhase section */
		A66B87DC222F84CE0004263B /* Resources */ = {
			isa = PBXResourcesBuildPhase;
			buildActionMask = 2147483647;
			files = (
				A66B87EC222F84D00004263B /* LaunchScreen.storyboard in Resources */,
				A66B87F5222F85500004263B /* GoogleService-Info.plist in Resources */,
				A606BF932241AC8200CC072B /* CustomProductCell.xib in Resources */,
				A66B87E9222F84D00004263B /* Assets.xcassets in Resources */,
				A66B87E7222F84CE0004263B /* Main.storyboard in Resources */,
			);
			runOnlyForDeploymentPostprocessing = 0;
		};
/* End PBXResourcesBuildPhase section */

/* Begin PBXShellScriptBuildPhase section */
		0F976ED9E45A5CA2FA232579 /* [CP] Embed Pods Frameworks */ = {
			isa = PBXShellScriptBuildPhase;
			buildActionMask = 2147483647;
			files = (
			);
			inputFileListPaths = (
				"${PODS_ROOT}/Target Support Files/Pods-ChemistHelper/Pods-ChemistHelper-frameworks-${CONFIGURATION}-input-files.xcfilelist",
			);
			name = "[CP] Embed Pods Frameworks";
			outputFileListPaths = (
				"${PODS_ROOT}/Target Support Files/Pods-ChemistHelper/Pods-ChemistHelper-frameworks-${CONFIGURATION}-output-files.xcfilelist",
			);
			runOnlyForDeploymentPostprocessing = 0;
			shellPath = /bin/sh;
			shellScript = "\"${PODS_ROOT}/Target Support Files/Pods-ChemistHelper/Pods-ChemistHelper-frameworks.sh\"\n";
			showEnvVarsInLog = 0;
		};
		855EEEAB0106B9532573E214 /* [CP] Check Pods Manifest.lock */ = {
			isa = PBXShellScriptBuildPhase;
			buildActionMask = 2147483647;
			files = (
			);
			inputFileListPaths = (
			);
			inputPaths = (
				"${PODS_PODFILE_DIR_PATH}/Podfile.lock",
				"${PODS_ROOT}/Manifest.lock",
			);
			name = "[CP] Check Pods Manifest.lock";
			outputFileListPaths = (
			);
			outputPaths = (
				"$(DERIVED_FILE_DIR)/Pods-ChemistHelper-checkManifestLockResult.txt",
			);
			runOnlyForDeploymentPostprocessing = 0;
			shellPath = /bin/sh;
			shellScript = "diff \"${PODS_PODFILE_DIR_PATH}/Podfile.lock\" \"${PODS_ROOT}/Manifest.lock\" > /dev/null\nif [ $? != 0 ] ; then\n    # print error to STDERR\n    echo \"error: The sandbox is not in sync with the Podfile.lock. Run 'pod install' or update your CocoaPods installation.\" >&2\n    exit 1\nfi\n# This output is used by Xcode 'outputs' to avoid re-running this script phase.\necho \"SUCCESS\" > \"${SCRIPT_OUTPUT_FILE_0}\"\n";
			showEnvVarsInLog = 0;
		};
/* End PBXShellScriptBuildPhase section */

/* Begin PBXSourcesBuildPhase section */
		A66B87DA222F84CE0004263B /* Sources */ = {
			isa = PBXSourcesBuildPhase;
			buildActionMask = 2147483647;
			files = (
				A63AB374223B7836001C69B3 /* DataBase.swift in Sources */,
				A66B87E4222F84CE0004263B /* WelcomViewController.swift in Sources */,
				A68F98062237211500E145B5 /* SignOnViewController.swift in Sources */,
				A68F98082237367500E145B5 /* DashBoardViewController.swift in Sources */,
				A66B87FD2236296D0004263B /* Product.swift in Sources */,
				A606BF922241AC8200CC072B /* CustomProductCell.swift in Sources */,
				A6EA265B223A476900DD262B /* ShoppingListViewController.swift in Sources */,
				A68F980422371F5C00E145B5 /* LogInViewController.swift in Sources */,
				A6EA2659223A474000DD262B /* ProductEnqueryViewController.swift in Sources */,
				A66B87E2222F84CE0004263B /* AppDelegate.swift in Sources */,
			);
			runOnlyForDeploymentPostprocessing = 0;
		};
/* End PBXSourcesBuildPhase section */

/* Begin PBXVariantGroup section */
		A66B87E5222F84CE0004263B /* Main.storyboard */ = {
			isa = PBXVariantGroup;
			children = (
				A66B87E6222F84CE0004263B /* Base */,
			);
			name = Main.storyboard;
			sourceTree = "<group>";
		};
		A66B87EA222F84D00004263B /* LaunchScreen.storyboard */ = {
			isa = PBXVariantGroup;
			children = (
				A66B87EB222F84D00004263B /* Base */,
			);
			name = LaunchScreen.storyboard;
			sourceTree = "<group>";
		};
/* End PBXVariantGroup section */

/* Begin XCBuildConfiguration section */
		A66B87EE222F84D00004263B /* Debug */ = {
			isa = XCBuildConfiguration;
			buildSettings = {
				ALWAYS_SEARCH_USER_PATHS = NO;
				CLANG_ANALYZER_NONNULL = YES;
				CLANG_ANALYZER_NUMBER_OBJECT_CONVERSION = YES_AGGRESSIVE;
				CLANG_CXX_LANGUAGE_STANDARD = "gnu++14";
				CLANG_CXX_LIBRARY = "libc++";
				CLANG_ENABLE_MODULES = YES;
				CLANG_ENABLE_OBJC_ARC = YES;
				CLANG_ENABLE_OBJC_WEAK = YES;
				CLANG_WARN_BLOCK_CAPTURE_AUTORELEASING = YES;
				CLANG_WARN_BOOL_CONVERSION = YES;
				CLANG_WARN_COMMA = YES;
				CLANG_WARN_CONSTANT_CONVERSION = YES;
				CLANG_WARN_DEPRECATED_OBJC_IMPLEMENTATIONS = YES;
				CLANG_WARN_DIRECT_OBJC_ISA_USAGE = YES_ERROR;
				CLANG_WARN_DOCUMENTATION_COMMENTS = YES;
				CLANG_WARN_EMPTY_BODY = YES;
				CLANG_WARN_ENUM_CONVERSION = YES;
				CLANG_WARN_INFINITE_RECURSION = YES;
				CLANG_WARN_INT_CONVERSION = YES;
				CLANG_WARN_NON_LITERAL_NULL_CONVERSION = YES;
				CLANG_WARN_OBJC_IMPLICIT_RETAIN_SELF = YES;
				CLANG_WARN_OBJC_LITERAL_CONVERSION = YES;
				CLANG_WARN_OBJC_ROOT_CLASS = YES_ERROR;
				CLANG_WARN_RANGE_LOOP_ANALYSIS = YES;
				CLANG_WARN_STRICT_PROTOTYPES = YES;
				CLANG_WARN_SUSPICIOUS_MOVE = YES;
				CLANG_WARN_UNGUARDED_AVAILABILITY = YES_AGGRESSIVE;
				CLANG_WARN_UNREACHABLE_CODE = YES;
				CLANG_WARN__DUPLICATE_METHOD_MATCH = YES;
				CODE_SIGN_IDENTITY = "iPhone Developer";
				COPY_PHASE_STRIP = NO;
				DEBUG_INFORMATION_FORMAT = dwarf;
				ENABLE_STRICT_OBJC_MSGSEND = YES;
				ENABLE_TESTABILITY = YES;
				GCC_C_LANGUAGE_STANDARD = gnu11;
				GCC_DYNAMIC_NO_PIC = NO;
				GCC_NO_COMMON_BLOCKS = YES;
				GCC_OPTIMIZATION_LEVEL = 0;
				GCC_PREPROCESSOR_DEFINITIONS = (
					"DEBUG=1",
					"$(inherited)",
				);
				GCC_WARN_64_TO_32_BIT_CONVERSION = YES;
				GCC_WARN_ABOUT_RETURN_TYPE = YES_ERROR;
				GCC_WARN_UNDECLARED_SELECTOR = YES;
				GCC_WARN_UNINITIALIZED_AUTOS = YES_AGGRESSIVE;
				GCC_WARN_UNUSED_FUNCTION = YES;
				GCC_WARN_UNUSED_VARIABLE = YES;
				IPHONEOS_DEPLOYMENT_TARGET = 12.1;
				MTL_ENABLE_DEBUG_INFO = INCLUDE_SOURCE;
				MTL_FAST_MATH = YES;
				ONLY_ACTIVE_ARCH = YES;
				SDKROOT = iphoneos;
				SWIFT_ACTIVE_COMPILATION_CONDITIONS = DEBUG;
				SWIFT_OPTIMIZATION_LEVEL = "-Onone";
			};
			name = Debug;
		};
		A66B87EF222F84D00004263B /* Release */ = {
			isa = XCBuildConfiguration;
			buildSettings = {
				ALWAYS_SEARCH_USER_PATHS = NO;
				CLANG_ANALYZER_NONNULL = YES;
				CLANG_ANALYZER_NUMBER_OBJECT_CONVERSION = YES_AGGRESSIVE;
				CLANG_CXX_LANGUAGE_STANDARD = "gnu++14";
				CLANG_CXX_LIBRARY = "libc++";
				CLANG_ENABLE_MODULES = YES;
				CLANG_ENABLE_OBJC_ARC = YES;
				CLANG_ENABLE_OBJC_WEAK = YES;
				CLANG_WARN_BLOCK_CAPTURE_AUTORELEASING = YES;
				CLANG_WARN_BOOL_CONVERSION = YES;
				CLANG_WARN_COMMA = YES;
				CLANG_WARN_CONSTANT_CONVERSION = YES;
				CLANG_WARN_DEPRECATED_OBJC_IMPLEMENTATIONS = YES;
				CLANG_WARN_DIRECT_OBJC_ISA_USAGE = YES_ERROR;
				CLANG_WARN_DOCUMENTATION_COMMENTS = YES;
				CLANG_WARN_EMPTY_BODY = YES;
				CLANG_WARN_ENUM_CONVERSION = YES;
				CLANG_WARN_INFINITE_RECURSION = YES;
				CLANG_WARN_INT_CONVERSION = YES;
				CLANG_WARN_NON_LITERAL_NULL_CONVERSION = YES;
				CLANG_WARN_OBJC_IMPLICIT_RETAIN_SELF = YES;
				CLANG_WARN_OBJC_LITERAL_CONVERSION = YES;
				CLANG_WARN_OBJC_ROOT_CLASS = YES_ERROR;
				CLANG_WARN_RANGE_LOOP_ANALYSIS = YES;
				CLANG_WARN_STRICT_PROTOTYPES = YES;
				CLANG_WARN_SUSPICIOUS_MOVE = YES;
				CLANG_WARN_UNGUARDED_AVAILABILITY = YES_AGGRESSIVE;
				CLANG_WARN_UNREACHABLE_CODE = YES;
				CLANG_WARN__DUPLICATE_METHOD_MATCH = YES;
				CODE_SIGN_IDENTITY = "iPhone Developer";
				COPY_PHASE_STRIP = NO;
				DEBUG_INFORMATION_FORMAT = "dwarf-with-dsym";
				ENABLE_NS_ASSERTIONS = NO;
				ENABLE_STRICT_OBJC_MSGSEND = YES;
				GCC_C_LANGUAGE_STANDARD = gnu11;
				GCC_NO_COMMON_BLOCKS = YES;
				GCC_WARN_64_TO_32_BIT_CONVERSION = YES;
				GCC_WARN_ABOUT_RETURN_TYPE = YES_ERROR;
				GCC_WARN_UNDECLARED_SELECTOR = YES;
				GCC_WARN_UNINITIALIZED_AUTOS = YES_AGGRESSIVE;
				GCC_WARN_UNUSED_FUNCTION = YES;
				GCC_WARN_UNUSED_VARIABLE = YES;
				IPHONEOS_DEPLOYMENT_TARGET = 12.1;
				MTL_ENABLE_DEBUG_INFO = NO;
				MTL_FAST_MATH = YES;
				SDKROOT = iphoneos;
				SWIFT_COMPILATION_MODE = wholemodule;
				SWIFT_OPTIMIZATION_LEVEL = "-O";
				VALIDATE_PRODUCT = YES;
			};
			name = Release;
		};
		A66B87F1222F84D00004263B /* Debug */ = {
			isa = XCBuildConfiguration;
			baseConfigurationReference = 71F2252C473903E1B04284F8 /* Pods-ChemistHelper.debug.xcconfig */;
			buildSettings = {
				ASSETCATALOG_COMPILER_APPICON_NAME = AppIcon;
				CODE_SIGN_STYLE = Automatic;
				DEVELOPMENT_TEAM = HA7P6Y485G;
				INFOPLIST_FILE = ChemistHelper/Info.plist;
				LD_RUNPATH_SEARCH_PATHS = (
					"$(inherited)",
					"@executable_path/Frameworks",
				);
				PRODUCT_BUNDLE_IDENTIFIER = com.matthewma.ChemistHelper;
				PRODUCT_NAME = "$(TARGET_NAME)";
				SWIFT_VERSION = 5.0;
				TARGETED_DEVICE_FAMILY = 1;
			};
			name = Debug;
		};
		A66B87F2222F84D00004263B /* Release */ = {
			isa = XCBuildConfiguration;
			baseConfigurationReference = D8EA21F98817992A97B81630 /* Pods-ChemistHelper.release.xcconfig */;
			buildSettings = {
				ASSETCATALOG_COMPILER_APPICON_NAME = AppIcon;
				CODE_SIGN_STYLE = Automatic;
				DEVELOPMENT_TEAM = HA7P6Y485G;
				INFOPLIST_FILE = ChemistHelper/Info.plist;
				LD_RUNPATH_SEARCH_PATHS = (
					"$(inherited)",
					"@executable_path/Frameworks",
				);
				PRODUCT_BUNDLE_IDENTIFIER = com.matthewma.ChemistHelper;
				PRODUCT_NAME = "$(TARGET_NAME)";
				SWIFT_VERSION = 5.0;
				TARGETED_DEVICE_FAMILY = 1;
			};
			name = Release;
		};
/* End XCBuildConfiguration section */

/* Begin XCConfigurationList section */
		A66B87D9222F84CE0004263B /* Build configuration list for PBXProject "ChemistHelper" */ = {
			isa = XCConfigurationList;
			buildConfigurations = (
				A66B87EE222F84D00004263B /* Debug */,
				A66B87EF222F84D00004263B /* Release */,
			);
			defaultConfigurationIsVisible = 0;
			defaultConfigurationName = Release;
		};
		A66B87F0222F84D00004263B /* Build configuration list for PBXNativeTarget "ChemistHelper" */ = {
			isa = XCConfigurationList;
			buildConfigurations = (
				A66B87F1222F84D00004263B /* Debug */,
				A66B87F2222F84D00004263B /* Release */,
			);
			defaultConfigurationIsVisible = 0;
			defaultConfigurationName = Release;
		};
/* End XCConfigurationList section */
	};
	rootObject = A66B87D6222F84CE0004263B /* Project object */;
}
